// !$*UTF8*$!
{
	archiveVersion = 1;
	classes = {
	};
	objectVersion = 46;
	objects = {

/* Begin PBXBuildFile section */
		26186BD71BE4CF1300DD40FA /* main.m in Sources */ = {isa = PBXBuildFile; fileRef = 26186BD61BE4CF1300DD40FA /* main.m */; };
		26186BDA1BE4CF1300DD40FA /* AppDelegate.m in Sources */ = {isa = PBXBuildFile; fileRef = 26186BD91BE4CF1300DD40FA /* AppDelegate.m */; };
		26186BE01BE4CF1300DD40FA /* Main.storyboard in Resources */ = {isa = PBXBuildFile; fileRef = 26186BDE1BE4CF1300DD40FA /* Main.storyboard */; };
		26186BE21BE4CF1300DD40FA /* Assets.xcassets in Resources */ = {isa = PBXBuildFile; fileRef = 26186BE11BE4CF1300DD40FA /* Assets.xcassets */; };
		26186BE51BE4CF1300DD40FA /* LaunchScreen.storyboard in Resources */ = {isa = PBXBuildFile; fileRef = 26186BE31BE4CF1300DD40FA /* LaunchScreen.storyboard */; };
		26186BEF1BE4D25700DD40FA /* ViewController.m in Sources */ = {isa = PBXBuildFile; fileRef = 26186BEE1BE4D25700DD40FA /* ViewController.m */; };
		26186BFF1BE4D60700DD40FA /* ChatTableViewCell.m in Sources */ = {isa = PBXBuildFile; fileRef = 26186BFE1BE4D60700DD40FA /* ChatTableViewCell.m */; };
		26186C161BE4EB8F00DD40FA /* BaseTableViewController.m in Sources */ = {isa = PBXBuildFile; fileRef = 26186C111BE4EB8F00DD40FA /* BaseTableViewController.m */; };
		26186C171BE4EB8F00DD40FA /* ErrorHelper.m in Sources */ = {isa = PBXBuildFile; fileRef = 26186C141BE4EB8F00DD40FA /* ErrorHelper.m */; };
		26186C2B1BE4F51000DD40FA /* ChatDataModel.xcdatamodeld in Sources */ = {isa = PBXBuildFile; fileRef = 26186C1D1BE4F51000DD40FA /* ChatDataModel.xcdatamodeld */; };
		26186C2C1BE4F51000DD40FA /* ChatMessage+CoreDataProperties.m in Sources */ = {isa = PBXBuildFile; fileRef = 26186C201BE4F51000DD40FA /* ChatMessage+CoreDataProperties.m */; };
		26186C2D1BE4F51000DD40FA /* ChatMessage.m in Sources */ = {isa = PBXBuildFile; fileRef = 26186C221BE4F51000DD40FA /* ChatMessage.m */; };
		26186C2E1BE4F51000DD40FA /* CoreDataStore.m in Sources */ = {isa = PBXBuildFile; fileRef = 26186C261BE4F51000DD40FA /* CoreDataStore.m */; };
		26186C2F1BE4F51000DD40FA /* ChatManager.m in Sources */ = {isa = PBXBuildFile; fileRef = 26186C2A1BE4F51000DD40FA /* ChatManager.m */; };
		26186C321BE4F52600DD40FA /* CoreDataSource.m in Sources */ = {isa = PBXBuildFile; fileRef = 26186C311BE4F52600DD40FA /* CoreDataSource.m */; };
/* End PBXBuildFile section */

/* Begin PBXFileReference section */
		26186BD21BE4CF1300DD40FA /* BotChat.app */ = {isa = PBXFileReference; explicitFileType = wrapper.application; includeInIndex = 0; path = BotChat.app; sourceTree = BUILT_PRODUCTS_DIR; };
		26186BD61BE4CF1300DD40FA /* main.m */ = {isa = PBXFileReference; lastKnownFileType = sourcecode.c.objc; path = main.m; sourceTree = "<group>"; };
		26186BD81BE4CF1300DD40FA /* AppDelegate.h */ = {isa = PBXFileReference; lastKnownFileType = sourcecode.c.h; path = AppDelegate.h; sourceTree = "<group>"; };
		26186BD91BE4CF1300DD40FA /* AppDelegate.m */ = {isa = PBXFileReference; lastKnownFileType = sourcecode.c.objc; path = AppDelegate.m; sourceTree = "<group>"; };
		26186BDF1BE4CF1300DD40FA /* Base */ = {isa = PBXFileReference; lastKnownFileType = file.storyboard; name = Base; path = Base.lproj/Main.storyboard; sourceTree = "<group>"; };
		26186BE11BE4CF1300DD40FA /* Assets.xcassets */ = {isa = PBXFileReference; lastKnownFileType = folder.assetcatalog; path = Assets.xcassets; sourceTree = "<group>"; };
		26186BE41BE4CF1300DD40FA /* Base */ = {isa = PBXFileReference; lastKnownFileType = file.storyboard; name = Base; path = Base.lproj/LaunchScreen.storyboard; sourceTree = "<group>"; };
		26186BE61BE4CF1300DD40FA /* Info.plist */ = {isa = PBXFileReference; lastKnownFileType = text.plist.xml; path = Info.plist; sourceTree = "<group>"; };
		26186BED1BE4D25700DD40FA /* ViewController.h */ = {isa = PBXFileReference; fileEncoding = 4; lastKnownFileType = sourcecode.c.h; path = ViewController.h; sourceTree = "<group>"; };
		26186BEE1BE4D25700DD40FA /* ViewController.m */ = {isa = PBXFileReference; fileEncoding = 4; lastKnownFileType = sourcecode.c.objc; path = ViewController.m; sourceTree = "<group>"; };
		26186BFD1BE4D60700DD40FA /* ChatTableViewCell.h */ = {isa = PBXFileReference; fileEncoding = 4; lastKnownFileType = sourcecode.c.h; path = ChatTableViewCell.h; sourceTree = "<group>"; };
		26186BFE1BE4D60700DD40FA /* ChatTableViewCell.m */ = {isa = PBXFileReference; fileEncoding = 4; lastKnownFileType = sourcecode.c.objc; path = ChatTableViewCell.m; sourceTree = "<group>"; };
		26186C101BE4EB8F00DD40FA /* BaseTableViewController.h */ = {isa = PBXFileReference; fileEncoding = 4; lastKnownFileType = sourcecode.c.h; path = BaseTableViewController.h; sourceTree = "<group>"; };
		26186C111BE4EB8F00DD40FA /* BaseTableViewController.m */ = {isa = PBXFileReference; fileEncoding = 4; lastKnownFileType = sourcecode.c.objc; path = BaseTableViewController.m; sourceTree = "<group>"; };
		26186C131BE4EB8F00DD40FA /* ErrorHelper.h */ = {isa = PBXFileReference; fileEncoding = 4; lastKnownFileType = sourcecode.c.h; path = ErrorHelper.h; sourceTree = "<group>"; };
		26186C141BE4EB8F00DD40FA /* ErrorHelper.m */ = {isa = PBXFileReference; fileEncoding = 4; lastKnownFileType = sourcecode.c.objc; path = ErrorHelper.m; sourceTree = "<group>"; };
		26186C191BE4ECCF00DD40FA /* DataManagement.h */ = {isa = PBXFileReference; fileEncoding = 4; lastKnownFileType = sourcecode.c.h; path = DataManagement.h; sourceTree = "<group>"; };
		26186C1A1BE4EEA600DD40FA /* ChatMessageWrapper.h */ = {isa = PBXFileReference; fileEncoding = 4; lastKnownFileType = sourcecode.c.h; path = ChatMessageWrapper.h; sourceTree = "<group>"; };
		26186C1E1BE4F51000DD40FA /* ChatDataModel.xcdatamodel */ = {isa = PBXFileReference; lastKnownFileType = wrapper.xcdatamodel; path = ChatDataModel.xcdatamodel; sourceTree = "<group>"; };
		26186C1F1BE4F51000DD40FA /* ChatMessage+CoreDataProperties.h */ = {isa = PBXFileReference; fileEncoding = 4; lastKnownFileType = sourcecode.c.h; path = "ChatMessage+CoreDataProperties.h"; sourceTree = "<group>"; };
		26186C201BE4F51000DD40FA /* ChatMessage+CoreDataProperties.m */ = {isa = PBXFileReference; fileEncoding = 4; lastKnownFileType = sourcecode.c.objc; path = "ChatMessage+CoreDataProperties.m"; sourceTree = "<group>"; };
		26186C211BE4F51000DD40FA /* ChatMessage.h */ = {isa = PBXFileReference; fileEncoding = 4; lastKnownFileType = sourcecode.c.h; path = ChatMessage.h; sourceTree = "<group>"; };
		26186C221BE4F51000DD40FA /* ChatMessage.m */ = {isa = PBXFileReference; fileEncoding = 4; lastKnownFileType = sourcecode.c.objc; path = ChatMessage.m; sourceTree = "<group>"; };
		26186C251BE4F51000DD40FA /* CoreDataStore.h */ = {isa = PBXFileReference; fileEncoding = 4; lastKnownFileType = sourcecode.c.h; path = CoreDataStore.h; sourceTree = "<group>"; };
		26186C261BE4F51000DD40FA /* CoreDataStore.m */ = {isa = PBXFileReference; fileEncoding = 4; lastKnownFileType = sourcecode.c.objc; path = CoreDataStore.m; sourceTree = "<group>"; };
		26186C271BE4F51000DD40FA /* DataStore.h */ = {isa = PBXFileReference; fileEncoding = 4; lastKnownFileType = sourcecode.c.h; path = DataStore.h; sourceTree = "<group>"; };
		26186C291BE4F51000DD40FA /* ChatManager.h */ = {isa = PBXFileReference; fileEncoding = 4; lastKnownFileType = sourcecode.c.h; path = ChatManager.h; sourceTree = "<group>"; };
		26186C2A1BE4F51000DD40FA /* ChatManager.m */ = {isa = PBXFileReference; fileEncoding = 4; lastKnownFileType = sourcecode.c.objc; path = ChatManager.m; sourceTree = "<group>"; };
		26186C301BE4F52600DD40FA /* CoreDataSource.h */ = {isa = PBXFileReference; fileEncoding = 4; lastKnownFileType = sourcecode.c.h; path = CoreDataSource.h; sourceTree = "<group>"; };
		26186C311BE4F52600DD40FA /* CoreDataSource.m */ = {isa = PBXFileReference; fileEncoding = 4; lastKnownFileType = sourcecode.c.objc; path = CoreDataSource.m; sourceTree = "<group>"; };
		26186C331BE4F9F600DD40FA /* Common.h */ = {isa = PBXFileReference; lastKnownFileType = sourcecode.c.h; path = Common.h; sourceTree = "<group>"; };
/* End PBXFileReference section */

/* Begin PBXFrameworksBuildPhase section */
		26186BCF1BE4CF1300DD40FA /* Frameworks */ = {
			isa = PBXFrameworksBuildPhase;
			buildActionMask = 2147483647;
			files = (
			);
			runOnlyForDeploymentPostprocessing = 0;
		};
/* End PBXFrameworksBuildPhase section */

/* Begin PBXGroup section */
		26186BC91BE4CF1300DD40FA = {
			isa = PBXGroup;
			children = (
				26186BD41BE4CF1300DD40FA /* BotChat */,
				26186BD31BE4CF1300DD40FA /* Products */,
			);
			sourceTree = "<group>";
		};
		26186BD31BE4CF1300DD40FA /* Products */ = {
			isa = PBXGroup;
			children = (
				26186BD21BE4CF1300DD40FA /* BotChat.app */,
			);
			name = Products;
			sourceTree = "<group>";
		};
		26186BD41BE4CF1300DD40FA /* BotChat */ = {
			isa = PBXGroup;
			children = (
				26186BFC1BE4D5F200DD40FA /* Views */,
				26186BEC1BE4D25700DD40FA /* Controllers */,
				26186C1B1BE4F51000DD40FA /* Models */,
				26186C0C1BE4EB8F00DD40FA /* Library */,
				26186BF11BE4D27500DD40FA /* Application */,
				26186BF21BE4D28000DD40FA /* Resources */,
			);
			path = BotChat;
			sourceTree = "<group>";
		};
		26186BEC1BE4D25700DD40FA /* Controllers */ = {
			isa = PBXGroup;
			children = (
				26186BED1BE4D25700DD40FA /* ViewController.h */,
				26186BEE1BE4D25700DD40FA /* ViewController.m */,
			);
			path = Controllers;
			sourceTree = "<group>";
		};
		26186BF11BE4D27500DD40FA /* Application */ = {
			isa = PBXGroup;
			children = (
				26186BD81BE4CF1300DD40FA /* AppDelegate.h */,
				26186BD91BE4CF1300DD40FA /* AppDelegate.m */,
				26186BD61BE4CF1300DD40FA /* main.m */,
				26186BE61BE4CF1300DD40FA /* Info.plist */,
			);
			path = Application;
			sourceTree = "<group>";
		};
		26186BF21BE4D28000DD40FA /* Resources */ = {
			isa = PBXGroup;
			children = (
				26186BDE1BE4CF1300DD40FA /* Main.storyboard */,
				26186BE11BE4CF1300DD40FA /* Assets.xcassets */,
				26186BE31BE4CF1300DD40FA /* LaunchScreen.storyboard */,
			);
			path = Resources;
			sourceTree = "<group>";
		};
		26186BFC1BE4D5F200DD40FA /* Views */ = {
			isa = PBXGroup;
			children = (
				26186BFD1BE4D60700DD40FA /* ChatTableViewCell.h */,
				26186BFE1BE4D60700DD40FA /* ChatTableViewCell.m */,
			);
			path = Views;
			sourceTree = "<group>";
		};
		26186C0C1BE4EB8F00DD40FA /* Library */ = {
			isa = PBXGroup;
			children = (
				26186C0D1BE4EB8F00DD40FA /* Base classes */,
				26186C121BE4EB8F00DD40FA /* Helpers */,
				26186C181BE4ECCF00DD40FA /* Protocols */,
			);
			path = Library;
			sourceTree = "<group>";
		};
		26186C0D1BE4EB8F00DD40FA /* Base classes */ = {
			isa = PBXGroup;
			children = (
				26186C101BE4EB8F00DD40FA /* BaseTableViewController.h */,
				26186C111BE4EB8F00DD40FA /* BaseTableViewController.m */,
			);
			path = "Base classes";
			sourceTree = "<group>";
		};
		26186C121BE4EB8F00DD40FA /* Helpers */ = {
			isa = PBXGroup;
			children = (
				26186C131BE4EB8F00DD40FA /* ErrorHelper.h */,
				26186C141BE4EB8F00DD40FA /* ErrorHelper.m */,
			);
			path = Helpers;
			sourceTree = "<group>";
		};
		26186C181BE4ECCF00DD40FA /* Protocols */ = {
			isa = PBXGroup;
			children = (
				26186C331BE4F9F600DD40FA /* Common.h */,
				26186C191BE4ECCF00DD40FA /* DataManagement.h */,
				26186C1A1BE4EEA600DD40FA /* ChatMessageWrapper.h */,
			);
			path = Protocols;
			sourceTree = "<group>";
		};
		26186C1B1BE4F51000DD40FA /* Models */ = {
			isa = PBXGroup;
			children = (
				26186C1C1BE4F51000DD40FA /* Core Data */,
				26186C231BE4F51000DD40FA /* Data Source */,
				26186C241BE4F51000DD40FA /* Data Store */,
				26186C281BE4F51000DD40FA /* Managers */,
			);
			path = Models;
			sourceTree = "<group>";
		};
		26186C1C1BE4F51000DD40FA /* Core Data */ = {
			isa = PBXGroup;
			children = (
				26186C1D1BE4F51000DD40FA /* ChatDataModel.xcdatamodeld */,
				26186C1F1BE4F51000DD40FA /* ChatMessage+CoreDataProperties.h */,
				26186C201BE4F51000DD40FA /* ChatMessage+CoreDataProperties.m */,
				26186C211BE4F51000DD40FA /* ChatMessage.h */,
				26186C221BE4F51000DD40FA /* ChatMessage.m */,
			);
			path = "Core Data";
			sourceTree = "<group>";
		};
		26186C231BE4F51000DD40FA /* Data Source */ = {
			isa = PBXGroup;
			children = (
				26186C301BE4F52600DD40FA /* CoreDataSource.h */,
				26186C311BE4F52600DD40FA /* CoreDataSource.m */,
			);
			path = "Data Source";
			sourceTree = "<group>";
		};
		26186C241BE4F51000DD40FA /* Data Store */ = {
			isa = PBXGroup;
			children = (
				26186C251BE4F51000DD40FA /* CoreDataStore.h */,
				26186C261BE4F51000DD40FA /* CoreDataStore.m */,
				26186C271BE4F51000DD40FA /* DataStore.h */,
			);
			path = "Data Store";
			sourceTree = "<group>";
		};
		26186C281BE4F51000DD40FA /* Managers */ = {
			isa = PBXGroup;
			children = (
				26186C291BE4F51000DD40FA /* ChatManager.h */,
				26186C2A1BE4F51000DD40FA /* ChatManager.m */,
			);
			path = Managers;
			sourceTree = "<group>";
		};
/* End PBXGroup section */

/* Begin PBXNativeTarget section */
		26186BD11BE4CF1300DD40FA /* BotChat */ = {
			isa = PBXNativeTarget;
			buildConfigurationList = 26186BE91BE4CF1300DD40FA /* Build configuration list for PBXNativeTarget "BotChat" */;
			buildPhases = (
				26186BCE1BE4CF1300DD40FA /* Sources */,
				26186BCF1BE4CF1300DD40FA /* Frameworks */,
				26186BD01BE4CF1300DD40FA /* Resources */,
			);
			buildRules = (
			);
			dependencies = (
			);
			name = BotChat;
			productName = BotChat;
			productReference = 26186BD21BE4CF1300DD40FA /* BotChat.app */;
			productType = "com.apple.product-type.application";
		};
/* End PBXNativeTarget section */

/* Begin PBXProject section */
		26186BCA1BE4CF1300DD40FA /* Project object */ = {
			isa = PBXProject;
			attributes = {
				LastUpgradeCheck = 0710;
				ORGANIZATIONNAME = "Akademon Ltd.";
				TargetAttributes = {
					26186BD11BE4CF1300DD40FA = {
						CreatedOnToolsVersion = 7.1;
					};
				};
			};
			buildConfigurationList = 26186BCD1BE4CF1300DD40FA /* Build configuration list for PBXProject "BotChat" */;
			compatibilityVersion = "Xcode 3.2";
			developmentRegion = English;
			hasScannedForEncodings = 0;
			knownRegions = (
				en,
				Base,
			);
			mainGroup = 26186BC91BE4CF1300DD40FA;
			productRefGroup = 26186BD31BE4CF1300DD40FA /* Products */;
			projectDirPath = "";
			projectRoot = "";
			targets = (
				26186BD11BE4CF1300DD40FA /* BotChat */,
			);
		};
/* End PBXProject section */

/* Begin PBXResourcesBuildPhase section */
		26186BD01BE4CF1300DD40FA /* Resources */ = {
			isa = PBXResourcesBuildPhase;
			buildActionMask = 2147483647;
			files = (
				26186BE51BE4CF1300DD40FA /* LaunchScreen.storyboard in Resources */,
				26186BE21BE4CF1300DD40FA /* Assets.xcassets in Resources */,
				26186BE01BE4CF1300DD40FA /* Main.storyboard in Resources */,
			);
			runOnlyForDeploymentPostprocessing = 0;
		};
/* End PBXResourcesBuildPhase section */

/* Begin PBXSourcesBuildPhase section */
		26186BCE1BE4CF1300DD40FA /* Sources */ = {
			isa = PBXSourcesBuildPhase;
			buildActionMask = 2147483647;
			files = (
				26186C2E1BE4F51000DD40FA /* CoreDataStore.m in Sources */,
				26186BDA1BE4CF1300DD40FA /* AppDelegate.m in Sources */,
				26186BEF1BE4D25700DD40FA /* ViewController.m in Sources */,
				26186C171BE4EB8F00DD40FA /* ErrorHelper.m in Sources */,
				26186C2D1BE4F51000DD40FA /* ChatMessage.m in Sources */,
				26186C2B1BE4F51000DD40FA /* ChatDataModel.xcdatamodeld in Sources */,
				26186C2F1BE4F51000DD40FA /* ChatManager.m in Sources */,
				26186C161BE4EB8F00DD40FA /* BaseTableViewController.m in Sources */,
				26186BD71BE4CF1300DD40FA /* main.m in Sources */,
				26186C2C1BE4F51000DD40FA /* ChatMessage+CoreDataProperties.m in Sources */,
				26186BFF1BE4D60700DD40FA /* ChatTableViewCell.m in Sources */,
				26186C321BE4F52600DD40FA /* CoreDataSource.m in Sources */,
			);
			runOnlyForDeploymentPostprocessing = 0;
		};
/* End PBXSourcesBuildPhase section */

/* Begin PBXVariantGroup section */
		26186BDE1BE4CF1300DD40FA /* Main.storyboard */ = {
			isa = PBXVariantGroup;
			children = (
				26186BDF1BE4CF1300DD40FA /* Base */,
			);
			name = Main.storyboard;
			sourceTree = "<group>";
		};
		26186BE31BE4CF1300DD40FA /* LaunchScreen.storyboard */ = {
			isa = PBXVariantGroup;
			children = (
				26186BE41BE4CF1300DD40FA /* Base */,
			);
			name = LaunchScreen.storyboard;
			sourceTree = "<group>";
		};
/* End PBXVariantGroup section */

/* Begin XCBuildConfiguration section */
		26186BE71BE4CF1300DD40FA /* Debug */ = {
			isa = XCBuildConfiguration;
			buildSettings = {
				ALWAYS_SEARCH_USER_PATHS = NO;
				CLANG_CXX_LANGUAGE_STANDARD = "gnu++0x";
				CLANG_CXX_LIBRARY = "libc++";
				CLANG_ENABLE_MODULES = YES;
				CLANG_ENABLE_OBJC_ARC = YES;
				CLANG_WARN_BOOL_CONVERSION = YES;
				CLANG_WARN_CONSTANT_CONVERSION = YES;
				CLANG_WARN_DIRECT_OBJC_ISA_USAGE = YES_ERROR;
				CLANG_WARN_EMPTY_BODY = YES;
				CLANG_WARN_ENUM_CONVERSION = YES;
				CLANG_WARN_INT_CONVERSION = YES;
				CLANG_WARN_OBJC_ROOT_CLASS = YES_ERROR;
				CLANG_WARN_UNREACHABLE_CODE = YES;
				CLANG_WARN__DUPLICATE_METHOD_MATCH = YES;
				"CODE_SIGN_IDENTITY[sdk=iphoneos*]" = "iPhone Developer";
				COPY_PHASE_STRIP = NO;
				DEBUG_INFORMATION_FORMAT = dwarf;
				ENABLE_STRICT_OBJC_MSGSEND = YES;
				ENABLE_TESTABILITY = YES;
				GCC_C_LANGUAGE_STANDARD = gnu99;
				GCC_DYNAMIC_NO_PIC = NO;
				GCC_NO_COMMON_BLOCKS = YES;
				GCC_OPTIMIZATION_LEVEL = 0;
				GCC_PREPROCESSOR_DEFINITIONS = (
					"DEBUG=1",
					"$(inherited)",
				);
				GCC_WARN_64_TO_32_BIT_CONVERSION = YES;
				GCC_WARN_ABOUT_RETURN_TYPE = YES_ERROR;
				GCC_WARN_UNDECLARED_SELECTOR = YES;
				GCC_WARN_UNINITIALIZED_AUTOS = YES_AGGRESSIVE;
				GCC_WARN_UNUSED_FUNCTION = YES;
				GCC_WARN_UNUSED_VARIABLE = YES;
				IPHONEOS_DEPLOYMENT_TARGET = 9.1;
				MTL_ENABLE_DEBUG_INFO = YES;
				ONLY_ACTIVE_ARCH = YES;
				SDKROOT = iphoneos;
			};
			name = Debug;
		};
		26186BE81BE4CF1300DD40FA /* Release */ = {
			isa = XCBuildConfiguration;
			buildSettings = {
				ALWAYS_SEARCH_USER_PATHS = NO;
				CLANG_CXX_LANGUAGE_STANDARD = "gnu++0x";
				CLANG_CXX_LIBRARY = "libc++";
				CLANG_ENABLE_MODULES = YES;
				CLANG_ENABLE_OBJC_ARC = YES;
				CLANG_WARN_BOOL_CONVERSION = YES;
				CLANG_WARN_CONSTANT_CONVERSION = YES;
				CLANG_WARN_DIRECT_OBJC_ISA_USAGE = YES_ERROR;
				CLANG_WARN_EMPTY_BODY = YES;
				CLANG_WARN_ENUM_CONVERSION = YES;
				CLANG_WARN_INT_CONVERSION = YES;
				CLANG_WARN_OBJC_ROOT_CLASS = YES_ERROR;
				CLANG_WARN_UNREACHABLE_CODE = YES;
				CLANG_WARN__DUPLICATE_METHOD_MATCH = YES;
				"CODE_SIGN_IDENTITY[sdk=iphoneos*]" = "iPhone Developer";
				COPY_PHASE_STRIP = NO;
				DEBUG_INFORMATION_FORMAT = "dwarf-with-dsym";
				ENABLE_NS_ASSERTIONS = NO;
				ENABLE_STRICT_OBJC_MSGSEND = YES;
				GCC_C_LANGUAGE_STANDARD = gnu99;
				GCC_NO_COMMON_BLOCKS = YES;
				GCC_WARN_64_TO_32_BIT_CONVERSION = YES;
				GCC_WARN_ABOUT_RETURN_TYPE = YES_ERROR;
				GCC_WARN_UNDECLARED_SELECTOR = YES;
				GCC_WARN_UNINITIALIZED_AUTOS = YES_AGGRESSIVE;
				GCC_WARN_UNUSED_FUNCTION = YES;
				GCC_WARN_UNUSED_VARIABLE = YES;
				IPHONEOS_DEPLOYMENT_TARGET = 9.1;
				MTL_ENABLE_DEBUG_INFO = NO;
				SDKROOT = iphoneos;
				VALIDATE_PRODUCT = YES;
			};
			name = Release;
		};
		26186BEA1BE4CF1300DD40FA /* Debug */ = {
			isa = XCBuildConfiguration;
			buildSettings = {
				ASSETCATALOG_COMPILER_APPICON_NAME = AppIcon;
				INFOPLIST_FILE = BotChat/Application/Info.plist;
				LD_RUNPATH_SEARCH_PATHS = "$(inherited) @executable_path/Frameworks";
				PRODUCT_BUNDLE_IDENTIFIER = ru.akademon.BotChat;
				PRODUCT_NAME = "$(TARGET_NAME)";
			};
			name = Debug;
		};
		26186BEB1BE4CF1300DD40FA /* Release */ = {
			isa = XCBuildConfiguration;
			buildSettings = {
				ASSETCATALOG_COMPILER_APPICON_NAME = AppIcon;
				INFOPLIST_FILE = BotChat/Application/Info.plist;
				LD_RUNPATH_SEARCH_PATHS = "$(inherited) @executable_path/Frameworks";
				PRODUCT_BUNDLE_IDENTIFIER = ru.akademon.BotChat;
				PRODUCT_NAME = "$(TARGET_NAME)";
			};
			name = Release;
		};
/* End XCBuildConfiguration section */

/* Begin XCConfigurationList section */
		26186BCD1BE4CF1300DD40FA /* Build configuration list for PBXProject "BotChat" */ = {
			isa = XCConfigurationList;
			buildConfigurations = (
				26186BE71BE4CF1300DD40FA /* Debug */,
				26186BE81BE4CF1300DD40FA /* Release */,
			);
			defaultConfigurationIsVisible = 0;
			defaultConfigurationName = Release;
		};
		26186BE91BE4CF1300DD40FA /* Build configuration list for PBXNativeTarget "BotChat" */ = {
			isa = XCConfigurationList;
			buildConfigurations = (
				26186BEA1BE4CF1300DD40FA /* Debug */,
				26186BEB1BE4CF1300DD40FA /* Release */,
			);
			defaultConfigurationIsVisible = 0;
		};
/* End XCConfigurationList section */

/* Begin XCVersionGroup section */
		26186C1D1BE4F51000DD40FA /* ChatDataModel.xcdatamodeld */ = {
			isa = XCVersionGroup;
			children = (
				26186C1E1BE4F51000DD40FA /* ChatDataModel.xcdatamodel */,
			);
			currentVersion = 26186C1E1BE4F51000DD40FA /* ChatDataModel.xcdatamodel */;
			path = ChatDataModel.xcdatamodeld;
			sourceTree = "<group>";
			versionGroupType = wrapper.xcdatamodel;
		};
/* End XCVersionGroup section */
	};
	rootObject = 26186BCA1BE4CF1300DD40FA /* Project object */;
}
